
Microsoft Visual Studio Solution File, Format Version 12.00
# Visual Studio 15
VisualStudioVersion = 15.0.27004.2006
MinimumVisualStudioVersion = 10.0.40219.1
Project("{2150E333-8FDC-42A3-9474-1A3956D46DE8}") = "src", "src", "{AE3E98DB-35C1-42D8-AB6D-DE37189DDAA1}"
EndProject
Project("{2150E333-8FDC-42A3-9474-1A3956D46DE8}") = "Solution Items", "Solution Items", "{1D26002E-3D0A-47FC-A1F7-BC56D11EC5BF}"
	ProjectSection(SolutionItems) = preProject
		global.json = global.json
	EndProjectSection
EndProject
Project("{2150E333-8FDC-42A3-9474-1A3956D46DE8}") = "1 - Services", "1 - Services", "{25754137-177A-4F20-AB23-4127DB3CE9A3}"
EndProject
Project("{2150E333-8FDC-42A3-9474-1A3956D46DE8}") = "2 - Application", "2 - Application", "{F93D56B9-5295-4E84-85AF-D4705B426B12}"
EndProject
Project("{2150E333-8FDC-42A3-9474-1A3956D46DE8}") = "3 - Domain", "3 - Domain", "{759CCB1D-A2BC-4A31-B5A7-83EB23CF815A}"
EndProject
Project("{2150E333-8FDC-42A3-9474-1A3956D46DE8}") = "4 - Infra", "4 - Infra", "{6B7945CA-BF83-478B-A41F-37D00D41C252}"
EndProject
Project("{2150E333-8FDC-42A3-9474-1A3956D46DE8}") = "4.1 - Data", "4.1 - Data", "{1B9C11AD-3847-4EBB-841D-08E6EB03CCF3}"
EndProject
Project("{2150E333-8FDC-42A3-9474-1A3956D46DE8}") = "4.2 - CrossCutting", "4.2 - CrossCutting", "{1A2317E6-D17D-4964-BFD1-BEA263A31F14}"
EndProject
Project("{9A19103F-16F7-4668-BE54-9A1E7A4F7556}") = "StoreMDC.Domain", "src\StoreMDC.Domain\StoreMDC.Domain.csproj", "{9EADAB4C-11FF-4BEC-8D42-9E5884DFBE80}"
EndProject
Project("{FAE04EC0-301F-11D3-BF4B-00C04F79EFBC}") = "StoreMDC.Infra.Data", "StoreMDC.Infra.Data\StoreMDC.Infra.Data.csproj", "{18A4C495-C4ED-49BA-BF32-CF1A1A105675}"
EndProject
Project("{FAE04EC0-301F-11D3-BF4B-00C04F79EFBC}") = "StoreMDC.WebApi", "StoreMDC.WebApi\StoreMDC.WebApi.csproj", "{ABCEAB3D-68AC-4050-A7B1-BE4793F289FB}"
EndProject
Project("{E53339B2-1760-4266-BCC7-CA923CBCF16C}") = "docker-compose", "docker-compose.dcproj", "{9C3E09A6-EAD2-49CF-AC32-91B625F7E58A}"
EndProject
Project("{FAE04EC0-301F-11D3-BF4B-00C04F79EFBC}") = "StoreMDC.Infra.CrossCutting.IoC", "StoreMDC.Infra.CrossCutting.IoC\StoreMDC.Infra.CrossCutting.IoC.csproj", "{FB80A204-A68B-4859-9A63-5AE020232EBF}"
EndProject
Project("{FAE04EC0-301F-11D3-BF4B-00C04F79EFBC}") = "StoreMDC.Application", "StoreMDC.Application\StoreMDC.Application.csproj", "{BAB94F0F-480B-4AC4-90A4-3A7D856A4096}"
EndProject
Global
	GlobalSection(SolutionConfigurationPlatforms) = preSolution
		Debug|Any CPU = Debug|Any CPU
		Release|Any CPU = Release|Any CPU
	EndGlobalSection
	GlobalSection(ProjectConfigurationPlatforms) = postSolution
		{9EADAB4C-11FF-4BEC-8D42-9E5884DFBE80}.Debug|Any CPU.ActiveCfg = Debug|Any CPU
		{9EADAB4C-11FF-4BEC-8D42-9E5884DFBE80}.Debug|Any CPU.Build.0 = Debug|Any CPU
		{9EADAB4C-11FF-4BEC-8D42-9E5884DFBE80}.Release|Any CPU.ActiveCfg = Release|Any CPU
		{9EADAB4C-11FF-4BEC-8D42-9E5884DFBE80}.Release|Any CPU.Build.0 = Release|Any CPU
		{18A4C495-C4ED-49BA-BF32-CF1A1A105675}.Debug|Any CPU.ActiveCfg = Debug|Any CPU
		{18A4C495-C4ED-49BA-BF32-CF1A1A105675}.Debug|Any CPU.Build.0 = Debug|Any CPU
		{18A4C495-C4ED-49BA-BF32-CF1A1A105675}.Release|Any CPU.ActiveCfg = Release|Any CPU
		{18A4C495-C4ED-49BA-BF32-CF1A1A105675}.Release|Any CPU.Build.0 = Release|Any CPU
		{ABCEAB3D-68AC-4050-A7B1-BE4793F289FB}.Debug|Any CPU.ActiveCfg = Debug|Any CPU
		{ABCEAB3D-68AC-4050-A7B1-BE4793F289FB}.Debug|Any CPU.Build.0 = Debug|Any CPU
		{ABCEAB3D-68AC-4050-A7B1-BE4793F289FB}.Release|Any CPU.ActiveCfg = Release|Any CPU
		{ABCEAB3D-68AC-4050-A7B1-BE4793F289FB}.Release|Any CPU.Build.0 = Release|Any CPU
		{9C3E09A6-EAD2-49CF-AC32-91B625F7E58A}.Debug|Any CPU.ActiveCfg = Debug|Any CPU
		{9C3E09A6-EAD2-49CF-AC32-91B625F7E58A}.Debug|Any CPU.Build.0 = Debug|Any CPU
		{9C3E09A6-EAD2-49CF-AC32-91B625F7E58A}.Release|Any CPU.ActiveCfg = Release|Any CPU
		{9C3E09A6-EAD2-49CF-AC32-91B625F7E58A}.Release|Any CPU.Build.0 = Release|Any CPU
		{FB80A204-A68B-4859-9A63-5AE020232EBF}.Debug|Any CPU.ActiveCfg = Debug|Any CPU
		{FB80A204-A68B-4859-9A63-5AE020232EBF}.Debug|Any CPU.Build.0 = Debug|Any CPU
		{FB80A204-A68B-4859-9A63-5AE020232EBF}.Release|Any CPU.ActiveCfg = Release|Any CPU
		{FB80A204-A68B-4859-9A63-5AE020232EBF}.Release|Any CPU.Build.0 = Release|Any CPU
		{BAB94F0F-480B-4AC4-90A4-3A7D856A4096}.Debug|Any CPU.ActiveCfg = Debug|Any CPU
		{BAB94F0F-480B-4AC4-90A4-3A7D856A4096}.Debug|Any CPU.Build.0 = Debug|Any CPU
		{BAB94F0F-480B-4AC4-90A4-3A7D856A4096}.Release|Any CPU.ActiveCfg = Release|Any CPU
		{BAB94F0F-480B-4AC4-90A4-3A7D856A4096}.Release|Any CPU.Build.0 = Release|Any CPU
	EndGlobalSection
	GlobalSection(SolutionProperties) = preSolution
		HideSolutionNode = FALSE
	EndGlobalSection
	GlobalSection(NestedProjects) = preSolution
		{25754137-177A-4F20-AB23-4127DB3CE9A3} = {AE3E98DB-35C1-42D8-AB6D-DE37189DDAA1}
		{F93D56B9-5295-4E84-85AF-D4705B426B12} = {AE3E98DB-35C1-42D8-AB6D-DE37189DDAA1}
		{759CCB1D-A2BC-4A31-B5A7-83EB23CF815A} = {AE3E98DB-35C1-42D8-AB6D-DE37189DDAA1}
		{6B7945CA-BF83-478B-A41F-37D00D41C252} = {AE3E98DB-35C1-42D8-AB6D-DE37189DDAA1}
		{1B9C11AD-3847-4EBB-841D-08E6EB03CCF3} = {6B7945CA-BF83-478B-A41F-37D00D41C252}
		{1A2317E6-D17D-4964-BFD1-BEA263A31F14} = {6B7945CA-BF83-478B-A41F-37D00D41C252}
		{9EADAB4C-11FF-4BEC-8D42-9E5884DFBE80} = {759CCB1D-A2BC-4A31-B5A7-83EB23CF815A}
		{18A4C495-C4ED-49BA-BF32-CF1A1A105675} = {1B9C11AD-3847-4EBB-841D-08E6EB03CCF3}
		{ABCEAB3D-68AC-4050-A7B1-BE4793F289FB} = {25754137-177A-4F20-AB23-4127DB3CE9A3}
		{FB80A204-A68B-4859-9A63-5AE020232EBF} = {1A2317E6-D17D-4964-BFD1-BEA263A31F14}
		{BAB94F0F-480B-4AC4-90A4-3A7D856A4096} = {F93D56B9-5295-4E84-85AF-D4705B426B12}
	EndGlobalSection
	GlobalSection(ExtensibilityGlobals) = postSolution
		SolutionGuid = {9BF83F97-DC0B-457D-B635-87514247CE33}
	EndGlobalSection
EndGlobal
